
Microsoft Visual Studio Solution File, Format Version 12.00
# Visual Studio 15
VisualStudioVersion = 15.0.28307.168
MinimumVisualStudioVersion = 10.0.40219.1
Project("{FAE04EC0-301F-11D3-BF4B-00C04F79EFBC}") = "CodeDek.Blockchain", "src\CodeDek.Blockchain\CodeDek.Blockchain.csproj", "{1B0A875B-CA89-472E-8B24-3B316283540D}"
EndProject
Project("{FAE04EC0-301F-11D3-BF4B-00C04F79EFBC}") = "CodeDek.Blockchain.Tests", "src\CodeDek.Blockchain.Tests\CodeDek.Blockchain.Tests.csproj", "{648C9057-2337-40AB-9FA4-023AEF87B850}"
EndProject
Global
	GlobalSection(SolutionConfigurationPlatforms) = preSolution
		Debug|Any CPU = Debug|Any CPU
		Release|Any CPU = Release|Any CPU
	EndGlobalSection
	GlobalSection(ProjectConfigurationPlatforms) = postSolution
		{1B0A875B-CA89-472E-8B24-3B316283540D}.Debug|Any CPU.ActiveCfg = Debug|Any CPU
		{1B0A875B-CA89-472E-8B24-3B316283540D}.Debug|Any CPU.Build.0 = Debug|Any CPU
		{1B0A875B-CA89-472E-8B24-3B316283540D}.Release|Any CPU.ActiveCfg = Release|Any CPU
		{1B0A875B-CA89-472E-8B24-3B316283540D}.Release|Any CPU.Build.0 = Release|Any CPU
		{648C9057-2337-40AB-9FA4-023AEF87B850}.Debug|Any CPU.ActiveCfg = Debug|Any CPU
		{648C9057-2337-40AB-9FA4-023AEF87B850}.Debug|Any CPU.Build.0 = Debug|Any CPU
		{648C9057-2337-40AB-9FA4-023AEF87B850}.Release|Any CPU.ActiveCfg = Release|Any CPU
		{648C9057-2337-40AB-9FA4-023AEF87B850}.Release|Any CPU.Build.0 = Release|Any CPU
	EndGlobalSection
	GlobalSection(SolutionProperties) = preSolution
		HideSolutionNode = FALSE
	EndGlobalSection
	GlobalSection(ExtensibilityGlobals) = postSolution
		SolutionGuid = {910C0F8E-DADF-4FA0-87A6-0C5FAF09EB63}
	EndGlobalSection
EndGlobal
